
Microsoft Visual Studio Solution File, Format Version 12.00
# Visual Studio 15
VisualStudioVersion = 15.0.27130.2010
MinimumVisualStudioVersion = 10.0.40219.1
Project("{9A19103F-16F7-4668-BE54-9A1E7A4F7556}") = "LogViewer", "LogViewer\LogViewer.csproj", "{FDCAE049-35CB-46AF-96FC-7E0E8A0AF650}"
EndProject
Project("{9A19103F-16F7-4668-BE54-9A1E7A4F7556}") = "LogViewer.Infrastructure", "LogViewer.Infrastructure\LogViewer.Infrastructure.csproj", "{964359D9-9C1A-4EB9-A677-16715EFF661A}"
EndProject
Project("{9A19103F-16F7-4668-BE54-9A1E7A4F7556}") = "LogViewer.Core", "LogViewer.Core\LogViewer.Core.csproj", "{F8970C8B-56E1-436D-913E-78116647CAD2}"
EndProject
Project("{9A19103F-16F7-4668-BE54-9A1E7A4F7556}") = "LogViewer.Persistence", "LogViewer.Persistence\LogViewer.Persistence.csproj", "{491600F8-F720-45A3-BBAF-93A9CEA376F1}"
EndProject
Project("{9A19103F-16F7-4668-BE54-9A1E7A4F7556}") = "LogViewer.Models", "LogViewer.Models\LogViewer.Models.csproj", "{38A37BCD-9748-43E7-BC7B-EC6CDA0BB262}"
EndProject
Project("{2150E333-8FDC-42A3-9474-1A3956D46DE8}") = "Solution Items", "Solution Items", "{228A7122-8712-4F39-8ECA-7D08D0D43E97}"
	ProjectSection(SolutionItems) = preProject
		LogDB.db = LogDB.db
	EndProjectSection
EndProject
Project("{2150E333-8FDC-42A3-9474-1A3956D46DE8}") = "Test", "Test", "{908475E0-6ABB-4FC8-96EB-266BBF3D0A46}"
EndProject
Project("{FAE04EC0-301F-11D3-BF4B-00C04F79EFBC}") = "LogViewer.Persistance.Test", "LogViewer.Persistance.Test\LogViewer.Persistance.Test.csproj", "{D7FC9FAE-E6D0-4327-B48A-C5158948A4B3}"
EndProject
Global
	GlobalSection(SolutionConfigurationPlatforms) = preSolution
		Debug|Any CPU = Debug|Any CPU
		Release|Any CPU = Release|Any CPU
	EndGlobalSection
	GlobalSection(ProjectConfigurationPlatforms) = postSolution
		{FDCAE049-35CB-46AF-96FC-7E0E8A0AF650}.Debug|Any CPU.ActiveCfg = Debug|Any CPU
		{FDCAE049-35CB-46AF-96FC-7E0E8A0AF650}.Debug|Any CPU.Build.0 = Debug|Any CPU
		{FDCAE049-35CB-46AF-96FC-7E0E8A0AF650}.Release|Any CPU.ActiveCfg = Release|Any CPU
		{FDCAE049-35CB-46AF-96FC-7E0E8A0AF650}.Release|Any CPU.Build.0 = Release|Any CPU
		{964359D9-9C1A-4EB9-A677-16715EFF661A}.Debug|Any CPU.ActiveCfg = Debug|Any CPU
		{964359D9-9C1A-4EB9-A677-16715EFF661A}.Debug|Any CPU.Build.0 = Debug|Any CPU
		{964359D9-9C1A-4EB9-A677-16715EFF661A}.Release|Any CPU.ActiveCfg = Release|Any CPU
		{964359D9-9C1A-4EB9-A677-16715EFF661A}.Release|Any CPU.Build.0 = Release|Any CPU
		{F8970C8B-56E1-436D-913E-78116647CAD2}.Debug|Any CPU.ActiveCfg = Debug|Any CPU
		{F8970C8B-56E1-436D-913E-78116647CAD2}.Debug|Any CPU.Build.0 = Debug|Any CPU
		{F8970C8B-56E1-436D-913E-78116647CAD2}.Release|Any CPU.ActiveCfg = Release|Any CPU
		{F8970C8B-56E1-436D-913E-78116647CAD2}.Release|Any CPU.Build.0 = Release|Any CPU
		{491600F8-F720-45A3-BBAF-93A9CEA376F1}.Debug|Any CPU.ActiveCfg = Debug|Any CPU
		{491600F8-F720-45A3-BBAF-93A9CEA376F1}.Debug|Any CPU.Build.0 = Debug|Any CPU
		{491600F8-F720-45A3-BBAF-93A9CEA376F1}.Release|Any CPU.ActiveCfg = Release|Any CPU
		{491600F8-F720-45A3-BBAF-93A9CEA376F1}.Release|Any CPU.Build.0 = Release|Any CPU
		{38A37BCD-9748-43E7-BC7B-EC6CDA0BB262}.Debug|Any CPU.ActiveCfg = Debug|Any CPU
		{38A37BCD-9748-43E7-BC7B-EC6CDA0BB262}.Debug|Any CPU.Build.0 = Debug|Any CPU
		{38A37BCD-9748-43E7-BC7B-EC6CDA0BB262}.Release|Any CPU.ActiveCfg = Release|Any CPU
		{38A37BCD-9748-43E7-BC7B-EC6CDA0BB262}.Release|Any CPU.Build.0 = Release|Any CPU
		{D7FC9FAE-E6D0-4327-B48A-C5158948A4B3}.Debug|Any CPU.ActiveCfg = Debug|Any CPU
		{D7FC9FAE-E6D0-4327-B48A-C5158948A4B3}.Debug|Any CPU.Build.0 = Debug|Any CPU
		{D7FC9FAE-E6D0-4327-B48A-C5158948A4B3}.Release|Any CPU.ActiveCfg = Release|Any CPU
		{D7FC9FAE-E6D0-4327-B48A-C5158948A4B3}.Release|Any CPU.Build.0 = Release|Any CPU
	EndGlobalSection
	GlobalSection(SolutionProperties) = preSolution
		HideSolutionNode = FALSE
	EndGlobalSection
	GlobalSection(NestedProjects) = preSolution
		{D7FC9FAE-E6D0-4327-B48A-C5158948A4B3} = {908475E0-6ABB-4FC8-96EB-266BBF3D0A46}
	EndGlobalSection
	GlobalSection(ExtensibilityGlobals) = postSolution
		SolutionGuid = {84345460-1B3F-4E44-B50E-EA29E9DDE1AC}
	EndGlobalSection
EndGlobal
